
Microsoft Visual Studio Solution File, Format Version 12.00
# Visual Studio Version 17
VisualStudioVersion = 17.4.33403.182
MinimumVisualStudioVersion = 10.0.40219.1
Project("{FAE04EC0-301F-11D3-BF4B-00C04F79EFBC}") = "ProjetoTeste_24-02", "ProjetoTeste_24-02\ProjetoTeste_24-02.csproj", "{083421E8-454E-4A9E-930E-37A9A9E07AB4}"
EndProject
Global
	GlobalSection(SolutionConfigurationPlatforms) = preSolution
		Debug|Any CPU = Debug|Any CPU
		Release|Any CPU = Release|Any CPU
	EndGlobalSection
	GlobalSection(ProjectConfigurationPlatforms) = postSolution
		{083421E8-454E-4A9E-930E-37A9A9E07AB4}.Debug|Any CPU.ActiveCfg = Debug|Any CPU
		{083421E8-454E-4A9E-930E-37A9A9E07AB4}.Debug|Any CPU.Build.0 = Debug|Any CPU
		{083421E8-454E-4A9E-930E-37A9A9E07AB4}.Release|Any CPU.ActiveCfg = Release|Any CPU
		{083421E8-454E-4A9E-930E-37A9A9E07AB4}.Release|Any CPU.Build.0 = Release|Any CPU
	EndGlobalSection
	GlobalSection(SolutionProperties) = preSolution
		HideSolutionNode = FALSE
	EndGlobalSection
	GlobalSection(ExtensibilityGlobals) = postSolution
		SolutionGuid = {98558645-0EBD-4C17-B088-EFD313BC8619}
	EndGlobalSection
EndGlobal
